PODS:
  - EstimoteIndoorSDK (2.2.0):
    - EstimoteSDK (~> 3.8)
  - EstimoteSDK (3.8.2)
  - Firebase (2.5.1)
  - pop (1.0.9)

DEPENDENCIES:
  - EstimoteIndoorSDK
  - EstimoteSDK
  - Firebase (>= 2.5.0)
  - pop (~> 1.0)

SPEC CHECKSUMS:
  EstimoteIndoorSDK: 4e0a3fc860041915341dcac0f858803f9a0f0c80
  EstimoteSDK: 5e36b596f9f28161bff35b086d9f70282be5f513
  Firebase: 3565ea88b830f28f2c77ecc524622bc71a20d085
  pop: f667631a5108a2e60d9e8797c9b32ddaf2080bce

COCOAPODS: 0.39.0
